<Solution>
  <Project Path="OrdSpe.BLL.Test/OrdSpe.BLL.Test.csproj">
    <Build Solution="Debug|*" Project="false" />
  </Project>
  <Project Path="OrdSpel.API/OrdSpel.API.csproj" />
  <Project Path="OrdSpel.BLL/OrdSpel.BLL.csproj" />
  <Project Path="OrdSpel.DAL.Test/OrdSpel.DAL.Test.csproj" />
  <Project Path="OrdSpel.DAL/OrdSpel.DAL.csproj" />
  <Project Path="OrdSpel.Shared/OrdSpel.Shared.csproj" />
  <Project Path="OrdSpel/OrdSpel.UI.csproj" />
</Solution>
